// !$*UTF8*$!
{
	archiveVersion = 1;
	classes = {
	};
	objectVersion = 56;
	objects = {

/* Begin PBXBuildFile section */
		7A3A8E742B17744200F97F07 /* AuthLoginApp.swift in Sources */ = {isa = PBXBuildFile; fileRef = 7A3A8E732B17744200F97F07 /* AuthLoginApp.swift */; };
		7A3A8E762B17744200F97F07 /* ContentView.swift in Sources */ = {isa = PBXBuildFile; fileRef = 7A3A8E752B17744200F97F07 /* ContentView.swift */; };
		7A3A8E782B17744600F97F07 /* Assets.xcassets in Resources */ = {isa = PBXBuildFile; fileRef = 7A3A8E772B17744600F97F07 /* Assets.xcassets */; };
		7A3A8E7B2B17744600F97F07 /* Preview Assets.xcassets in Resources */ = {isa = PBXBuildFile; fileRef = 7A3A8E7A2B17744600F97F07 /* Preview Assets.xcassets */; };
		7A3A8E872B1775B400F97F07 /* HomeView.swift in Sources */ = {isa = PBXBuildFile; fileRef = 7A3A8E862B1775B400F97F07 /* HomeView.swift */; };
		7A3A8E892B1775BE00F97F07 /* LoginView.swift in Sources */ = {isa = PBXBuildFile; fileRef = 7A3A8E882B1775BE00F97F07 /* LoginView.swift */; };
		7A3A8E8C2B17972A00F97F07 /* GoogleService-Info.plist in Resources */ = {isa = PBXBuildFile; fileRef = 7A3A8E8B2B17972A00F97F07 /* GoogleService-Info.plist */; };
		7A3A8E9B2B17979E00F97F07 /* FirebaseAuth in Frameworks */ = {isa = PBXBuildFile; productRef = 7A3A8E9A2B17979E00F97F07 /* FirebaseAuth */; };
		7A3A8EA62B1799C300F97F07 /* AuthManager.swift in Sources */ = {isa = PBXBuildFile; fileRef = 7A3A8EA52B1799C300F97F07 /* AuthManager.swift */; };
/* End PBXBuildFile section */

/* Begin PBXFileReference section */
		7A3A8E702B17744200F97F07 /* AuthLogin.app */ = {isa = PBXFileReference; explicitFileType = wrapper.application; includeInIndex = 0; path = AuthLogin.app; sourceTree = BUILT_PRODUCTS_DIR; };
		7A3A8E732B17744200F97F07 /* AuthLoginApp.swift */ = {isa = PBXFileReference; lastKnownFileType = sourcecode.swift; path = AuthLoginApp.swift; sourceTree = "<group>"; };
		7A3A8E752B17744200F97F07 /* ContentView.swift */ = {isa = PBXFileReference; lastKnownFileType = sourcecode.swift; path = ContentView.swift; sourceTree = "<group>"; };
		7A3A8E772B17744600F97F07 /* Assets.xcassets */ = {isa = PBXFileReference; lastKnownFileType = folder.assetcatalog; path = Assets.xcassets; sourceTree = "<group>"; };
		7A3A8E7A2B17744600F97F07 /* Preview Assets.xcassets */ = {isa = PBXFileReference; lastKnownFileType = folder.assetcatalog; path = "Preview Assets.xcassets"; sourceTree = "<group>"; };
		7A3A8E862B1775B400F97F07 /* HomeView.swift */ = {isa = PBXFileReference; lastKnownFileType = sourcecode.swift; path = HomeView.swift; sourceTree = "<group>"; };
		7A3A8E882B1775BE00F97F07 /* LoginView.swift */ = {isa = PBXFileReference; lastKnownFileType = sourcecode.swift; path = LoginView.swift; sourceTree = "<group>"; };
		7A3A8E8B2B17972A00F97F07 /* GoogleService-Info.plist */ = {isa = PBXFileReference; fileEncoding = 4; lastKnownFileType = text.plist.xml; path = "GoogleService-Info.plist"; sourceTree = "<group>"; };
		7A3A8EA52B1799C300F97F07 /* AuthManager.swift */ = {isa = PBXFileReference; lastKnownFileType = sourcecode.swift; path = AuthManager.swift; sourceTree = "<group>"; };
/* End PBXFileReference section */

/* Begin PBXFrameworksBuildPhase section */
		7A3A8E6D2B17744200F97F07 /* Frameworks */ = {
			isa = PBXFrameworksBuildPhase;
			buildActionMask = 2147483647;
			files = (
				7A3A8E9B2B17979E00F97F07 /* FirebaseAuth in Frameworks */,
			);
			runOnlyForDeploymentPostprocessing = 0;
		};
/* End PBXFrameworksBuildPhase section */

/* Begin PBXGroup section */
		7A3A8E672B17744200F97F07 = {
			isa = PBXGroup;
			children = (
				7A3A8E722B17744200F97F07 /* AuthLogin */,
				7A3A8E712B17744200F97F07 /* Products */,
			);
			sourceTree = "<group>";
		};
		7A3A8E712B17744200F97F07 /* Products */ = {
			isa = PBXGroup;
			children = (
				7A3A8E702B17744200F97F07 /* AuthLogin.app */,
			);
			name = Products;
			sourceTree = "<group>";
		};
		7A3A8E722B17744200F97F07 /* AuthLogin */ = {
			isa = PBXGroup;
			children = (
				7A3A8E732B17744200F97F07 /* AuthLoginApp.swift */,
				7A3A8EA42B1799B300F97F07 /* Model */,
				7A3A8E8A2B1796F000F97F07 /* Configuration */,
				7A3A8E812B1774BA00F97F07 /* View */,
				7A3A8E772B17744600F97F07 /* Assets.xcassets */,
				7A3A8E792B17744600F97F07 /* Preview Content */,
			);
			path = AuthLogin;
			sourceTree = "<group>";
		};
		7A3A8E792B17744600F97F07 /* Preview Content */ = {
			isa = PBXGroup;
			children = (
				7A3A8E7A2B17744600F97F07 /* Preview Assets.xcassets */,
			);
			path = "Preview Content";
			sourceTree = "<group>";
		};
		7A3A8E812B1774BA00F97F07 /* View */ = {
			isa = PBXGroup;
			children = (
				7A3A8E752B17744200F97F07 /* ContentView.swift */,
				7A3A8E862B1775B400F97F07 /* HomeView.swift */,
				7A3A8E882B1775BE00F97F07 /* LoginView.swift */,
			);
			path = View;
			sourceTree = "<group>";
		};
		7A3A8E8A2B1796F000F97F07 /* Configuration */ = {
			isa = PBXGroup;
			children = (
				7A3A8E8B2B17972A00F97F07 /* GoogleService-Info.plist */,
			);
			path = Configuration;
			sourceTree = "<group>";
		};
		7A3A8EA42B1799B300F97F07 /* Model */ = {
			isa = PBXGroup;
			children = (
				7A3A8EA52B1799C300F97F07 /* AuthManager.swift */,
			);
			path = Model;
			sourceTree = "<group>";
		};
/* End PBXGroup section */

/* Begin PBXNativeTarget section */
		7A3A8E6F2B17744200F97F07 /* AuthLogin */ = {
			isa = PBXNativeTarget;
			buildConfigurationList = 7A3A8E7E2B17744600F97F07 /* Build configuration list for PBXNativeTarget "AuthLogin" */;
			buildPhases = (
				7A3A8E6C2B17744200F97F07 /* Sources */,
				7A3A8E6D2B17744200F97F07 /* Frameworks */,
				7A3A8E6E2B17744200F97F07 /* Resources */,
			);
			buildRules = (
			);
			dependencies = (
			);
			name = AuthLogin;
			packageProductDependencies = (
				7A3A8E9A2B17979E00F97F07 /* FirebaseAuth */,
			);
			productName = AuthLogin;
			productReference = 7A3A8E702B17744200F97F07 /* AuthLogin.app */;
			productType = "com.apple.product-type.application";
		};
/* End PBXNativeTarget section */

/* Begin PBXProject section */
		7A3A8E682B17744200F97F07 /* Project object */ = {
			isa = PBXProject;
			attributes = {
				BuildIndependentTargetsInParallel = 1;
				LastSwiftUpdateCheck = 1500;
				LastUpgradeCheck = 1500;
				TargetAttributes = {
					7A3A8E6F2B17744200F97F07 = {
						CreatedOnToolsVersion = 15.0.1;
					};
				};
			};
			buildConfigurationList = 7A3A8E6B2B17744200F97F07 /* Build configuration list for PBXProject "AuthLogin" */;
			compatibilityVersion = "Xcode 14.0";
			developmentRegion = en;
			hasScannedForEncodings = 0;
			knownRegions = (
				en,
				Base,
			);
			mainGroup = 7A3A8E672B17744200F97F07;
			packageReferences = (
				7A3A8E8D2B17979E00F97F07 /* XCRemoteSwiftPackageReference "firebase-ios-sdk" */,
			);
			productRefGroup = 7A3A8E712B17744200F97F07 /* Products */;
			projectDirPath = "";
			projectRoot = "";
			targets = (
				7A3A8E6F2B17744200F97F07 /* AuthLogin */,
			);
		};
/* End PBXProject section */

/* Begin PBXResourcesBuildPhase section */
		7A3A8E6E2B17744200F97F07 /* Resources */ = {
			isa = PBXResourcesBuildPhase;
			buildActionMask = 2147483647;
			files = (
				7A3A8E7B2B17744600F97F07 /* Preview Assets.xcassets in Resources */,
				7A3A8E782B17744600F97F07 /* Assets.xcassets in Resources */,
				7A3A8E8C2B17972A00F97F07 /* GoogleService-Info.plist in Resources */,
			);
			runOnlyForDeploymentPostprocessing = 0;
		};
/* End PBXResourcesBuildPhase section */

/* Begin PBXSourcesBuildPhase section */
		7A3A8E6C2B17744200F97F07 /* Sources */ = {
			isa = PBXSourcesBuildPhase;
			buildActionMask = 2147483647;
			files = (
				7A3A8E872B1775B400F97F07 /* HomeView.swift in Sources */,
				7A3A8E762B17744200F97F07 /* ContentView.swift in Sources */,
				7A3A8E892B1775BE00F97F07 /* LoginView.swift in Sources */,
				7A3A8E742B17744200F97F07 /* AuthLoginApp.swift in Sources */,
				7A3A8EA62B1799C300F97F07 /* AuthManager.swift in Sources */,
			);
			runOnlyForDeploymentPostprocessing = 0;
		};
/* End PBXSourcesBuildPhase section */

/* Begin XCBuildConfiguration section */
		7A3A8E7C2B17744600F97F07 /* Debug */ = {
			isa = XCBuildConfiguration;
			buildSettings = {
				ALWAYS_SEARCH_USER_PATHS = NO;
				ASSETCATALOG_COMPILER_GENERATE_SWIFT_ASSET_SYMBOL_EXTENSIONS = YES;
				CLANG_ANALYZER_NONNULL = YES;
				CLANG_ANALYZER_NUMBER_OBJECT_CONVERSION = YES_AGGRESSIVE;
				CLANG_CXX_LANGUAGE_STANDARD = "gnu++20";
				CLANG_ENABLE_MODULES = YES;
				CLANG_ENABLE_OBJC_ARC = YES;
				CLANG_ENABLE_OBJC_WEAK = YES;
				CLANG_WARN_BLOCK_CAPTURE_AUTORELEASING = YES;
				CLANG_WARN_BOOL_CONVERSION = YES;
				CLANG_WARN_COMMA = YES;
				CLANG_WARN_CONSTANT_CONVERSION = YES;
				CLANG_WARN_DEPRECATED_OBJC_IMPLEMENTATIONS = YES;
				CLANG_WARN_DIRECT_OBJC_ISA_USAGE = YES_ERROR;
				CLANG_WARN_DOCUMENTATION_COMMENTS = YES;
				CLANG_WARN_EMPTY_BODY = YES;
				CLANG_WARN_ENUM_CONVERSION = YES;
				CLANG_WARN_INFINITE_RECURSION = YES;
				CLANG_WARN_INT_CONVERSION = YES;
				CLANG_WARN_NON_LITERAL_NULL_CONVERSION = YES;
				CLANG_WARN_OBJC_IMPLICIT_RETAIN_SELF = YES;
				CLANG_WARN_OBJC_LITERAL_CONVERSION = YES;
				CLANG_WARN_OBJC_ROOT_CLASS = YES_ERROR;
				CLANG_WARN_QUOTED_INCLUDE_IN_FRAMEWORK_HEADER = YES;
				CLANG_WARN_RANGE_LOOP_ANALYSIS = YES;
				CLANG_WARN_STRICT_PROTOTYPES = YES;
				CLANG_WARN_SUSPICIOUS_MOVE = YES;
				CLANG_WARN_UNGUARDED_AVAILABILITY = YES_AGGRESSIVE;
				CLANG_WARN_UNREACHABLE_CODE = YES;
				CLANG_WARN__DUPLICATE_METHOD_MATCH = YES;
				COPY_PHASE_STRIP = NO;
				DEBUG_INFORMATION_FORMAT = dwarf;
				ENABLE_STRICT_OBJC_MSGSEND = YES;
				ENABLE_TESTABILITY = YES;
				ENABLE_USER_SCRIPT_SANDBOXING = YES;
				GCC_C_LANGUAGE_STANDARD = gnu17;
				GCC_DYNAMIC_NO_PIC = NO;
				GCC_NO_COMMON_BLOCKS = YES;
				GCC_OPTIMIZATION_LEVEL = 0;
				GCC_PREPROCESSOR_DEFINITIONS = (
					"DEBUG=1",
					"$(inherited)",
				);
				GCC_WARN_64_TO_32_BIT_CONVERSION = YES;
				GCC_WARN_ABOUT_RETURN_TYPE = YES_ERROR;
				GCC_WARN_UNDECLARED_SELECTOR = YES;
				GCC_WARN_UNINITIALIZED_AUTOS = YES_AGGRESSIVE;
				GCC_WARN_UNUSED_FUNCTION = YES;
				GCC_WARN_UNUSED_VARIABLE = YES;
				IPHONEOS_DEPLOYMENT_TARGET = 17.0;
				LOCALIZATION_PREFERS_STRING_CATALOGS = YES;
				MTL_ENABLE_DEBUG_INFO = INCLUDE_SOURCE;
				MTL_FAST_MATH = YES;
				ONLY_ACTIVE_ARCH = YES;
				SDKROOT = iphoneos;
				SWIFT_ACTIVE_COMPILATION_CONDITIONS = "DEBUG $(inherited)";
				SWIFT_OPTIMIZATION_LEVEL = "-Onone";
			};
			name = Debug;
		};
		7A3A8E7D2B17744600F97F07 /* Release */ = {
			isa = XCBuildConfiguration;
			buildSettings = {
				ALWAYS_SEARCH_USER_PATHS = NO;
				ASSETCATALOG_COMPILER_GENERATE_SWIFT_ASSET_SYMBOL_EXTENSIONS = YES;
				CLANG_ANALYZER_NONNULL = YES;
				CLANG_ANALYZER_NUMBER_OBJECT_CONVERSION = YES_AGGRESSIVE;
				CLANG_CXX_LANGUAGE_STANDARD = "gnu++20";
				CLANG_ENABLE_MODULES = YES;
				CLANG_ENABLE_OBJC_ARC = YES;
				CLANG_ENABLE_OBJC_WEAK = YES;
				CLANG_WARN_BLOCK_CAPTURE_AUTORELEASING = YES;
				CLANG_WARN_BOOL_CONVERSION = YES;
				CLANG_WARN_COMMA = YES;
				CLANG_WARN_CONSTANT_CONVERSION = YES;
				CLANG_WARN_DEPRECATED_OBJC_IMPLEMENTATIONS = YES;
				CLANG_WARN_DIRECT_OBJC_ISA_USAGE = YES_ERROR;
				CLANG_WARN_DOCUMENTATION_COMMENTS = YES;
				CLANG_WARN_EMPTY_BODY = YES;
				CLANG_WARN_ENUM_CONVERSION = YES;
				CLANG_WARN_INFINITE_RECURSION = YES;
				CLANG_WARN_INT_CONVERSION = YES;
				CLANG_WARN_NON_LITERAL_NULL_CONVERSION = YES;
				CLANG_WARN_OBJC_IMPLICIT_RETAIN_SELF = YES;
				CLANG_WARN_OBJC_LITERAL_CONVERSION = YES;
				CLANG_WARN_OBJC_ROOT_CLASS = YES_ERROR;
				CLANG_WARN_QUOTED_INCLUDE_IN_FRAMEWORK_HEADER = YES;
				CLANG_WARN_RANGE_LOOP_ANALYSIS = YES;
				CLANG_WARN_STRICT_PROTOTYPES = YES;
				CLANG_WARN_SUSPICIOUS_MOVE = YES;
				CLANG_WARN_UNGUARDED_AVAILABILITY = YES_AGGRESSIVE;
				CLANG_WARN_UNREACHABLE_CODE = YES;
				CLANG_WARN__DUPLICATE_METHOD_MATCH = YES;
				COPY_PHASE_STRIP = NO;
				DEBUG_INFORMATION_FORMAT = "dwarf-with-dsym";
				ENABLE_NS_ASSERTIONS = NO;
				ENABLE_STRICT_OBJC_MSGSEND = YES;
				ENABLE_USER_SCRIPT_SANDBOXING = YES;
				GCC_C_LANGUAGE_STANDARD = gnu17;
				GCC_NO_COMMON_BLOCKS = YES;
				GCC_WARN_64_TO_32_BIT_CONVERSION = YES;
				GCC_WARN_ABOUT_RETURN_TYPE = YES_ERROR;
				GCC_WARN_UNDECLARED_SELECTOR = YES;
				GCC_WARN_UNINITIALIZED_AUTOS = YES_AGGRESSIVE;
				GCC_WARN_UNUSED_FUNCTION = YES;
				GCC_WARN_UNUSED_VARIABLE = YES;
				IPHONEOS_DEPLOYMENT_TARGET = 17.0;
				LOCALIZATION_PREFERS_STRING_CATALOGS = YES;
				MTL_ENABLE_DEBUG_INFO = NO;
				MTL_FAST_MATH = YES;
				SDKROOT = iphoneos;
				SWIFT_COMPILATION_MODE = wholemodule;
				VALIDATE_PRODUCT = YES;
			};
			name = Release;
		};
		7A3A8E7F2B17744600F97F07 /* Debug */ = {
			isa = XCBuildConfiguration;
			buildSettings = {
				ASSETCATALOG_COMPILER_APPICON_NAME = AppIcon;
				ASSETCATALOG_COMPILER_GLOBAL_ACCENT_COLOR_NAME = AccentColor;
				CODE_SIGN_STYLE = Automatic;
				CURRENT_PROJECT_VERSION = 1;
				DEVELOPMENT_ASSET_PATHS = "\"AuthLogin/Preview Content\"";
				DEVELOPMENT_TEAM = 5Z48PGX9YU;
				ENABLE_PREVIEWS = YES;
				GENERATE_INFOPLIST_FILE = YES;
				INFOPLIST_KEY_CFBundleDisplayName = "Auth Login";
				INFOPLIST_KEY_UIApplicationSceneManifest_Generation = YES;
				INFOPLIST_KEY_UIApplicationSupportsIndirectInputEvents = YES;
				INFOPLIST_KEY_UILaunchScreen_Generation = YES;
				INFOPLIST_KEY_UISupportedInterfaceOrientations_iPad = "UIInterfaceOrientationPortrait UIInterfaceOrientationPortraitUpsideDown UIInterfaceOrientationLandscapeLeft UIInterfaceOrientationLandscapeRight";
				INFOPLIST_KEY_UISupportedInterfaceOrientations_iPhone = "UIInterfaceOrientationPortrait UIInterfaceOrientationLandscapeLeft UIInterfaceOrientationLandscapeRight";
				LD_RUNPATH_SEARCH_PATHS = (
					"$(inherited)",
					"@executable_path/Frameworks",
				);
				MARKETING_VERSION = 1.0;
				PRODUCT_BUNDLE_IDENTIFIER = com.example.AuthLogin;
				PRODUCT_NAME = "$(TARGET_NAME)";
				SWIFT_EMIT_LOC_STRINGS = YES;
				SWIFT_VERSION = 5.0;
				TARGETED_DEVICE_FAMILY = "1,2";
			};
			name = Debug;
		};
		7A3A8E802B17744600F97F07 /* Release */ = {
			isa = XCBuildConfiguration;
			buildSettings = {
				ASSETCATALOG_COMPILER_APPICON_NAME = AppIcon;
				ASSETCATALOG_COMPILER_GLOBAL_ACCENT_COLOR_NAME = AccentColor;
				CODE_SIGN_STYLE = Automatic;
				CURRENT_PROJECT_VERSION = 1;
				DEVELOPMENT_ASSET_PATHS = "\"AuthLogin/Preview Content\"";
				DEVELOPMENT_TEAM = 5Z48PGX9YU;
				ENABLE_PREVIEWS = YES;
				GENERATE_INFOPLIST_FILE = YES;
				INFOPLIST_KEY_CFBundleDisplayName = "Auth Login";
				INFOPLIST_KEY_UIApplicationSceneManifest_Generation = YES;
				INFOPLIST_KEY_UIApplicationSupportsIndirectInputEvents = YES;
				INFOPLIST_KEY_UILaunchScreen_Generation = YES;
				INFOPLIST_KEY_UISupportedInterfaceOrientations_iPad = "UIInterfaceOrientationPortrait UIInterfaceOrientationPortraitUpsideDown UIInterfaceOrientationLandscapeLeft UIInterfaceOrientationLandscapeRight";
				INFOPLIST_KEY_UISupportedInterfaceOrientations_iPhone = "UIInterfaceOrientationPortrait UIInterfaceOrientationLandscapeLeft UIInterfaceOrientationLandscapeRight";
				LD_RUNPATH_SEARCH_PATHS = (
					"$(inherited)",
					"@executable_path/Frameworks",
				);
				MARKETING_VERSION = 1.0;
				PRODUCT_BUNDLE_IDENTIFIER = com.example.AuthLogin;
				PRODUCT_NAME = "$(TARGET_NAME)";
				SWIFT_EMIT_LOC_STRINGS = YES;
				SWIFT_VERSION = 5.0;
				TARGETED_DEVICE_FAMILY = "1,2";
			};
			name = Release;
		};
/* End XCBuildConfiguration section */

/* Begin XCConfigurationList section */
		7A3A8E6B2B17744200F97F07 /* Build configuration list for PBXProject "AuthLogin" */ = {
			isa = XCConfigurationList;
			buildConfigurations = (
				7A3A8E7C2B17744600F97F07 /* Debug */,
				7A3A8E7D2B17744600F97F07 /* Release */,
			);
			defaultConfigurationIsVisible = 0;
			defaultConfigurationName = Release;
		};
		7A3A8E7E2B17744600F97F07 /* Build configuration list for PBXNativeTarget "AuthLogin" */ = {
			isa = XCConfigurationList;
			buildConfigurations = (
				7A3A8E7F2B17744600F97F07 /* Debug */,
				7A3A8E802B17744600F97F07 /* Release */,
			);
			defaultConfigurationIsVisible = 0;
			defaultConfigurationName = Release;
		};
/* End XCConfigurationList section */

/* Begin XCRemoteSwiftPackageReference section */
		7A3A8E8D2B17979E00F97F07 /* XCRemoteSwiftPackageReference "firebase-ios-sdk" */ = {
			isa = XCRemoteSwiftPackageReference;
			repositoryURL = "https://github.com/firebase/firebase-ios-sdk.git";
			requirement = {
				kind = upToNextMajorVersion;
				minimumVersion = 10.18.0;
			};
		};
/* End XCRemoteSwiftPackageReference section */

/* Begin XCSwiftPackageProductDependency section */
		7A3A8E9A2B17979E00F97F07 /* FirebaseAuth */ = {
			isa = XCSwiftPackageProductDependency;
			package = 7A3A8E8D2B17979E00F97F07 /* XCRemoteSwiftPackageReference "firebase-ios-sdk" */;
			productName = FirebaseAuth;
		};
/* End XCSwiftPackageProductDependency section */
	};
	rootObject = 7A3A8E682B17744200F97F07 /* Project object */;
}
